
Microsoft Visual Studio Solution File, Format Version 12.00
# Visual Studio 2012
Project("{FAE04EC0-301F-11D3-BF4B-00C04F79EFBC}") = "AlAlertBannerBinding", "AlAlertBannerBinding\AlAlertBannerBinding.csproj", "{70765D35-9006-4CF3-A236-84F2C01E0EE2}"
EndProject
Project("{FAE04EC0-301F-11D3-BF4B-00C04F79EFBC}") = "ALAlertBanner.Sample", "ALAlertBanner.Sample\ALAlertBanner.Sample.csproj", "{41678293-BF9E-4078-B4B9-F66941BBFDDA}"
EndProject
Global
	GlobalSection(SolutionConfigurationPlatforms) = preSolution
		Debug|Any CPU = Debug|Any CPU
		Release|Any CPU = Release|Any CPU
		Debug|iPhoneSimulator = Debug|iPhoneSimulator
		Release|iPhoneSimulator = Release|iPhoneSimulator
		Debug|iPhone = Debug|iPhone
		Release|iPhone = Release|iPhone
		Ad-Hoc|iPhone = Ad-Hoc|iPhone
		AppStore|iPhone = AppStore|iPhone
	EndGlobalSection
	GlobalSection(ProjectConfigurationPlatforms) = postSolution
		{41678293-BF9E-4078-B4B9-F66941BBFDDA}.Ad-Hoc|iPhone.ActiveCfg = Ad-Hoc|iPhone
		{41678293-BF9E-4078-B4B9-F66941BBFDDA}.Ad-Hoc|iPhone.Build.0 = Ad-Hoc|iPhone
		{41678293-BF9E-4078-B4B9-F66941BBFDDA}.AppStore|iPhone.ActiveCfg = AppStore|iPhone
		{41678293-BF9E-4078-B4B9-F66941BBFDDA}.AppStore|iPhone.Build.0 = AppStore|iPhone
		{41678293-BF9E-4078-B4B9-F66941BBFDDA}.Debug|Any CPU.ActiveCfg = Debug|iPhoneSimulator
		{41678293-BF9E-4078-B4B9-F66941BBFDDA}.Debug|Any CPU.Build.0 = Debug|iPhoneSimulator
		{41678293-BF9E-4078-B4B9-F66941BBFDDA}.Debug|iPhone.ActiveCfg = Debug|iPhone
		{41678293-BF9E-4078-B4B9-F66941BBFDDA}.Debug|iPhone.Build.0 = Debug|iPhone
		{41678293-BF9E-4078-B4B9-F66941BBFDDA}.Debug|iPhoneSimulator.ActiveCfg = Debug|iPhoneSimulator
		{41678293-BF9E-4078-B4B9-F66941BBFDDA}.Debug|iPhoneSimulator.Build.0 = Debug|iPhoneSimulator
		{41678293-BF9E-4078-B4B9-F66941BBFDDA}.Release|Any CPU.ActiveCfg = Release|iPhoneSimulator
		{41678293-BF9E-4078-B4B9-F66941BBFDDA}.Release|Any CPU.Build.0 = Release|iPhoneSimulator
		{41678293-BF9E-4078-B4B9-F66941BBFDDA}.Release|iPhone.ActiveCfg = Release|iPhone
		{41678293-BF9E-4078-B4B9-F66941BBFDDA}.Release|iPhone.Build.0 = Release|iPhone
		{41678293-BF9E-4078-B4B9-F66941BBFDDA}.Release|iPhoneSimulator.ActiveCfg = Release|iPhoneSimulator
		{41678293-BF9E-4078-B4B9-F66941BBFDDA}.Release|iPhoneSimulator.Build.0 = Release|iPhoneSimulator
		{70765D35-9006-4CF3-A236-84F2C01E0EE2}.Ad-Hoc|iPhone.ActiveCfg = Debug|Any CPU
		{70765D35-9006-4CF3-A236-84F2C01E0EE2}.Ad-Hoc|iPhone.Build.0 = Debug|Any CPU
		{70765D35-9006-4CF3-A236-84F2C01E0EE2}.AppStore|iPhone.ActiveCfg = Debug|Any CPU
		{70765D35-9006-4CF3-A236-84F2C01E0EE2}.AppStore|iPhone.Build.0 = Debug|Any CPU
		{70765D35-9006-4CF3-A236-84F2C01E0EE2}.Debug|Any CPU.ActiveCfg = Debug|Any CPU
		{70765D35-9006-4CF3-A236-84F2C01E0EE2}.Debug|Any CPU.Build.0 = Debug|Any CPU
		{70765D35-9006-4CF3-A236-84F2C01E0EE2}.Debug|iPhone.ActiveCfg = Debug|Any CPU
		{70765D35-9006-4CF3-A236-84F2C01E0EE2}.Debug|iPhone.Build.0 = Debug|Any CPU
		{70765D35-9006-4CF3-A236-84F2C01E0EE2}.Debug|iPhoneSimulator.ActiveCfg = Debug|Any CPU
		{70765D35-9006-4CF3-A236-84F2C01E0EE2}.Debug|iPhoneSimulator.Build.0 = Debug|Any CPU
		{70765D35-9006-4CF3-A236-84F2C01E0EE2}.Release|Any CPU.ActiveCfg = Release|Any CPU
		{70765D35-9006-4CF3-A236-84F2C01E0EE2}.Release|Any CPU.Build.0 = Release|Any CPU
		{70765D35-9006-4CF3-A236-84F2C01E0EE2}.Release|iPhone.ActiveCfg = Release|Any CPU
		{70765D35-9006-4CF3-A236-84F2C01E0EE2}.Release|iPhone.Build.0 = Release|Any CPU
		{70765D35-9006-4CF3-A236-84F2C01E0EE2}.Release|iPhoneSimulator.ActiveCfg = Release|Any CPU
		{70765D35-9006-4CF3-A236-84F2C01E0EE2}.Release|iPhoneSimulator.Build.0 = Release|Any CPU
	EndGlobalSection
EndGlobal
